PODS:
  - Flutter (1.0.0)
  - flutter_native_splash (0.0.1):
    - Flutter
  - jitsi_meet_wrapper (0.0.1):
    - Flutter
    - JitsiMeetSDK (= 5.0.2)
  - JitsiMeetSDK (5.0.2)
  - shared_preferences_foundation (0.0.1):
    - Flutter
    - FlutterMacOS

DEPENDENCIES:
  - Flutter (from `Flutter`)
  - flutter_native_splash (from `.symlinks/plugins/flutter_native_splash/ios`)
  - jitsi_meet_wrapper (from `.symlinks/plugins/jitsi_meet_wrapper/ios`)
  - shared_preferences_foundation (from `.symlinks/plugins/shared_preferences_foundation/ios`)

SPEC REPOS:
  trunk:
    - JitsiMeetSDK

EXTERNAL SOURCES:
  Flutter:
    :path: Flutter
  flutter_native_splash:
    :path: ".symlinks/plugins/flutter_native_splash/ios"
  jitsi_meet_wrapper:
    :path: ".symlinks/plugins/jitsi_meet_wrapper/ios"
  shared_preferences_foundation:
    :path: ".symlinks/plugins/shared_preferences_foundation/ios"

SPEC CHECKSUMS:
  Flutter: f04841e97a9d0b0a8025694d0796dd46242b2854
  flutter_native_splash: 52501b97d1c0a5f898d687f1646226c1f93c56ef
  jitsi_meet_wrapper: f78c5a212de5dfbadcd81ce559217f3661a26ce7
  JitsiMeetSDK: edcac8e2b92ee0c7f3e75bd0aefefbe9faccfc93
  shared_preferences_foundation: 986fc17f3d3251412d18b0265f9c64113a8c2472

PODFILE CHECKSUM: 7ea8e6b54ac051b609b39df5f8b62574e7997e14

COCOAPODS: 1.12.0
